
Microsoft Visual Studio Solution File, Format Version 12.00
# Visual Studio Version 16
VisualStudioVersion = 16.0.31321.278
MinimumVisualStudioVersion = 10.0.40219.1
Project("{FAE04EC0-301F-11D3-BF4B-00C04F79EFBC}") = "JokesWebApp", "JokesWebApp.csproj", "{C6331A7D-5800-4A7B-B2FF-60CEA15EA0B8}"
EndProject
Global
	GlobalSection(SolutionConfigurationPlatforms) = preSolution
		Debug|Any CPU = Debug|Any CPU
		Release|Any CPU = Release|Any CPU
	EndGlobalSection
	GlobalSection(ProjectConfigurationPlatforms) = postSolution
		{C6331A7D-5800-4A7B-B2FF-60CEA15EA0B8}.Debug|Any CPU.ActiveCfg = Debug|Any CPU
		{C6331A7D-5800-4A7B-B2FF-60CEA15EA0B8}.Debug|Any CPU.Build.0 = Debug|Any CPU
		{C6331A7D-5800-4A7B-B2FF-60CEA15EA0B8}.Release|Any CPU.ActiveCfg = Release|Any CPU
		{C6331A7D-5800-4A7B-B2FF-60CEA15EA0B8}.Release|Any CPU.Build.0 = Release|Any CPU
	EndGlobalSection
	GlobalSection(SolutionProperties) = preSolution
		HideSolutionNode = FALSE
	EndGlobalSection
	GlobalSection(ExtensibilityGlobals) = postSolution
		SolutionGuid = {B97B8AE3-10D8-49F5-A59C-68F6F8468F92}
	EndGlobalSection
EndGlobal
